
Microsoft Visual Studio Solution File, Format Version 12.00
# Visual Studio Version 17
VisualStudioVersion = 17.4.33110.190
MinimumVisualStudioVersion = 10.0.40219.1
Project("{FAE04EC0-301F-11D3-BF4B-00C04F79EFBC}") = "somme", "somme\somme.csproj", "{12207425-0375-46AD-8230-CD359BBEB75E}"
EndProject
Global
	GlobalSection(SolutionConfigurationPlatforms) = preSolution
		Debug|Any CPU = Debug|Any CPU
		Release|Any CPU = Release|Any CPU
	EndGlobalSection
	GlobalSection(ProjectConfigurationPlatforms) = postSolution
		{12207425-0375-46AD-8230-CD359BBEB75E}.Debug|Any CPU.ActiveCfg = Debug|Any CPU
		{12207425-0375-46AD-8230-CD359BBEB75E}.Debug|Any CPU.Build.0 = Debug|Any CPU
		{12207425-0375-46AD-8230-CD359BBEB75E}.Release|Any CPU.ActiveCfg = Release|Any CPU
		{12207425-0375-46AD-8230-CD359BBEB75E}.Release|Any CPU.Build.0 = Release|Any CPU
	EndGlobalSection
	GlobalSection(SolutionProperties) = preSolution
		HideSolutionNode = FALSE
	EndGlobalSection
	GlobalSection(ExtensibilityGlobals) = postSolution
		SolutionGuid = {290B2117-3D60-4829-BCF3-870F308A1D9C}
	EndGlobalSection
EndGlobal
